
Microsoft Visual Studio Solution File, Format Version 12.00
# Visual Studio Version 17
VisualStudioVersion = 17.0.31903.59
MinimumVisualStudioVersion = 10.0.40219.1
Project("{FAE04EC0-301F-11D3-BF4B-00C04F79EFBC}") = "CapstoneBackend", "CapstoneBackend\CapstoneBackend.csproj", "{9EDDD2FE-1A74-46F1-9C79-B4058BE262B4}"
EndProject
Project("{FAE04EC0-301F-11D3-BF4B-00C04F79EFBC}") = "CapstoneLinter", "CapstoneLinter\CapstoneLinter.csproj", "{C0BEFC78-68ED-4E94-A8F7-F57A4C17B1C0}"
EndProject
Project("{FAE04EC0-301F-11D3-BF4B-00C04F79EFBC}") = "CapstoneTests", "CapstoneTests\CapstoneTests.csproj", "{42E0AFD7-9FBC-4580-B24C-5E9C3E95AA30}"
EndProject
Global
	GlobalSection(SolutionConfigurationPlatforms) = preSolution
		Debug|Any CPU = Debug|Any CPU
		Release|Any CPU = Release|Any CPU
	EndGlobalSection
	GlobalSection(SolutionProperties) = preSolution
		HideSolutionNode = FALSE
	EndGlobalSection
	GlobalSection(ProjectConfigurationPlatforms) = postSolution
		{9EDDD2FE-1A74-46F1-9C79-B4058BE262B4}.Debug|Any CPU.ActiveCfg = Debug|Any CPU
		{9EDDD2FE-1A74-46F1-9C79-B4058BE262B4}.Debug|Any CPU.Build.0 = Debug|Any CPU
		{9EDDD2FE-1A74-46F1-9C79-B4058BE262B4}.Release|Any CPU.ActiveCfg = Release|Any CPU
		{9EDDD2FE-1A74-46F1-9C79-B4058BE262B4}.Release|Any CPU.Build.0 = Release|Any CPU
		{C0BEFC78-68ED-4E94-A8F7-F57A4C17B1C0}.Debug|Any CPU.ActiveCfg = Debug|Any CPU
		{C0BEFC78-68ED-4E94-A8F7-F57A4C17B1C0}.Debug|Any CPU.Build.0 = Debug|Any CPU
		{C0BEFC78-68ED-4E94-A8F7-F57A4C17B1C0}.Release|Any CPU.ActiveCfg = Release|Any CPU
		{C0BEFC78-68ED-4E94-A8F7-F57A4C17B1C0}.Release|Any CPU.Build.0 = Release|Any CPU
		{42E0AFD7-9FBC-4580-B24C-5E9C3E95AA30}.Debug|Any CPU.ActiveCfg = Debug|Any CPU
		{42E0AFD7-9FBC-4580-B24C-5E9C3E95AA30}.Debug|Any CPU.Build.0 = Debug|Any CPU
		{42E0AFD7-9FBC-4580-B24C-5E9C3E95AA30}.Release|Any CPU.ActiveCfg = Release|Any CPU
		{42E0AFD7-9FBC-4580-B24C-5E9C3E95AA30}.Release|Any CPU.Build.0 = Release|Any CPU
	EndGlobalSection
EndGlobal
