
Microsoft Visual Studio Solution File, Format Version 12.00
# Visual Studio Version 17
VisualStudioVersion = 17.10.35122.118
MinimumVisualStudioVersion = 10.0.40219.1
Project("{9A19103F-16F7-4668-BE54-9A1E7A4F7556}") = "Capstone.API", "Capstone.API.csproj", "{8091CEED-404B-40E3-8854-6A01BBECDBCD}"
EndProject
Project("{9A19103F-16F7-4668-BE54-9A1E7A4F7556}") = "Capstone.Core", "..\CapstoneAPI.Core\Capstone.Core.csproj", "{2D756202-849D-4E34-B00C-5B612E721224}"
EndProject
Project("{9A19103F-16F7-4668-BE54-9A1E7A4F7556}") = "Capstone.Application", "..\CapstoneAPI.Application\Capstone.Application.csproj", "{BDC986FF-EE3B-47C0-8229-FD0FD3277145}"
EndProject
Project("{9A19103F-16F7-4668-BE54-9A1E7A4F7556}") = "Capstone.Infrastructure", "..\CapstoneAPI.Infrastructure\Capstone.Infrastructure.csproj", "{0720AB81-9D9B-400F-A6D6-6B2B42330C19}"
EndProject
Global
	GlobalSection(SolutionConfigurationPlatforms) = preSolution
		Debug|Any CPU = Debug|Any CPU
		Release|Any CPU = Release|Any CPU
	EndGlobalSection
	GlobalSection(ProjectConfigurationPlatforms) = postSolution
		{8091CEED-404B-40E3-8854-6A01BBECDBCD}.Debug|Any CPU.ActiveCfg = Debug|Any CPU
		{8091CEED-404B-40E3-8854-6A01BBECDBCD}.Debug|Any CPU.Build.0 = Debug|Any CPU
		{8091CEED-404B-40E3-8854-6A01BBECDBCD}.Release|Any CPU.ActiveCfg = Release|Any CPU
		{8091CEED-404B-40E3-8854-6A01BBECDBCD}.Release|Any CPU.Build.0 = Release|Any CPU
		{2D756202-849D-4E34-B00C-5B612E721224}.Debug|Any CPU.ActiveCfg = Debug|Any CPU
		{2D756202-849D-4E34-B00C-5B612E721224}.Debug|Any CPU.Build.0 = Debug|Any CPU
		{2D756202-849D-4E34-B00C-5B612E721224}.Release|Any CPU.ActiveCfg = Release|Any CPU
		{2D756202-849D-4E34-B00C-5B612E721224}.Release|Any CPU.Build.0 = Release|Any CPU
		{BDC986FF-EE3B-47C0-8229-FD0FD3277145}.Debug|Any CPU.ActiveCfg = Debug|Any CPU
		{BDC986FF-EE3B-47C0-8229-FD0FD3277145}.Debug|Any CPU.Build.0 = Debug|Any CPU
		{BDC986FF-EE3B-47C0-8229-FD0FD3277145}.Release|Any CPU.ActiveCfg = Release|Any CPU
		{BDC986FF-EE3B-47C0-8229-FD0FD3277145}.Release|Any CPU.Build.0 = Release|Any CPU
		{0720AB81-9D9B-400F-A6D6-6B2B42330C19}.Debug|Any CPU.ActiveCfg = Debug|Any CPU
		{0720AB81-9D9B-400F-A6D6-6B2B42330C19}.Debug|Any CPU.Build.0 = Debug|Any CPU
		{0720AB81-9D9B-400F-A6D6-6B2B42330C19}.Release|Any CPU.ActiveCfg = Release|Any CPU
		{0720AB81-9D9B-400F-A6D6-6B2B42330C19}.Release|Any CPU.Build.0 = Release|Any CPU
	EndGlobalSection
	GlobalSection(SolutionProperties) = preSolution
		HideSolutionNode = FALSE
	EndGlobalSection
	GlobalSection(ExtensibilityGlobals) = postSolution
		SolutionGuid = {6DEB236E-3819-46EE-AA96-49C38F848F16}
	EndGlobalSection
EndGlobal
