
Microsoft Visual Studio Solution File, Format Version 12.00
# Visual Studio Version 17
VisualStudioVersion = 17.10.35122.118
MinimumVisualStudioVersion = 10.0.40219.1
Project("{FAE04EC0-301F-11D3-BF4B-00C04F79EFBC}") = "CapstoneAPI", "CapstoneAPI.csproj", "{8091CEED-404B-40E3-8854-6A01BBECDBCD}"
EndProject
Global
	GlobalSection(SolutionConfigurationPlatforms) = preSolution
		Debug|Any CPU = Debug|Any CPU
		Release|Any CPU = Release|Any CPU
	EndGlobalSection
	GlobalSection(ProjectConfigurationPlatforms) = postSolution
		{8091CEED-404B-40E3-8854-6A01BBECDBCD}.Debug|Any CPU.ActiveCfg = Debug|Any CPU
		{8091CEED-404B-40E3-8854-6A01BBECDBCD}.Debug|Any CPU.Build.0 = Debug|Any CPU
		{8091CEED-404B-40E3-8854-6A01BBECDBCD}.Release|Any CPU.ActiveCfg = Release|Any CPU
		{8091CEED-404B-40E3-8854-6A01BBECDBCD}.Release|Any CPU.Build.0 = Release|Any CPU
	EndGlobalSection
	GlobalSection(SolutionProperties) = preSolution
		HideSolutionNode = FALSE
	EndGlobalSection
	GlobalSection(ExtensibilityGlobals) = postSolution
		SolutionGuid = {6DEB236E-3819-46EE-AA96-49C38F848F16}
	EndGlobalSection
EndGlobal
